// !$*UTF8*$!
{
	archiveVersion = 1;
	classes = {
	};
	objectVersion = 46;
	objects = {

/* Begin PBXBuildFile section */
		2919DA5A180FA8FE002E7AA8 /* Foundation.framework in Frameworks */ = {isa = PBXBuildFile; fileRef = 2919DA59180FA8FE002E7AA8 /* Foundation.framework */; };
		2919DA5C180FA8FE002E7AA8 /* CoreGraphics.framework in Frameworks */ = {isa = PBXBuildFile; fileRef = 2919DA5B180FA8FE002E7AA8 /* CoreGraphics.framework */; };
		2919DA5E180FA8FE002E7AA8 /* UIKit.framework in Frameworks */ = {isa = PBXBuildFile; fileRef = 2919DA5D180FA8FE002E7AA8 /* UIKit.framework */; };
		2919DA64180FA8FE002E7AA8 /* InfoPlist.strings in Resources */ = {isa = PBXBuildFile; fileRef = 2919DA62180FA8FE002E7AA8 /* InfoPlist.strings */; };
		2919DA66180FA8FE002E7AA8 /* main.m in Sources */ = {isa = PBXBuildFile; fileRef = 2919DA65180FA8FE002E7AA8 /* main.m */; };
		2919DA6A180FA8FE002E7AA8 /* Oct17AppDelegate.m in Sources */ = {isa = PBXBuildFile; fileRef = 2919DA69180FA8FE002E7AA8 /* Oct17AppDelegate.m */; };
		2919DA6C180FA8FE002E7AA8 /* Images.xcassets in Resources */ = {isa = PBXBuildFile; fileRef = 2919DA6B180FA8FE002E7AA8 /* Images.xcassets */; };
		2919DA73180FA8FF002E7AA8 /* XCTest.framework in Frameworks */ = {isa = PBXBuildFile; fileRef = 2919DA72180FA8FF002E7AA8 /* XCTest.framework */; };
		2919DA74180FA8FF002E7AA8 /* Foundation.framework in Frameworks */ = {isa = PBXBuildFile; fileRef = 2919DA59180FA8FE002E7AA8 /* Foundation.framework */; };
		2919DA75180FA8FF002E7AA8 /* UIKit.framework in Frameworks */ = {isa = PBXBuildFile; fileRef = 2919DA5D180FA8FE002E7AA8 /* UIKit.framework */; };
		2919DA7D180FA8FF002E7AA8 /* InfoPlist.strings in Resources */ = {isa = PBXBuildFile; fileRef = 2919DA7B180FA8FF002E7AA8 /* InfoPlist.strings */; };
		2919DA7F180FA8FF002E7AA8 /* Oct17Tests.m in Sources */ = {isa = PBXBuildFile; fileRef = 2919DA7E180FA8FF002E7AA8 /* Oct17Tests.m */; };
/* End PBXBuildFile section */

/* Begin PBXContainerItemProxy section */
		2919DA76180FA8FF002E7AA8 /* PBXContainerItemProxy */ = {
			isa = PBXContainerItemProxy;
			containerPortal = 2919DA4E180FA8FE002E7AA8 /* Project object */;
			proxyType = 1;
			remoteGlobalIDString = 2919DA55180FA8FE002E7AA8;
			remoteInfo = Oct17;
		};
/* End PBXContainerItemProxy section */

/* Begin PBXFileReference section */
		2919DA56180FA8FE002E7AA8 /* Oct17.app */ = {isa = PBXFileReference; explicitFileType = wrapper.application; includeInIndex = 0; path = Oct17.app; sourceTree = BUILT_PRODUCTS_DIR; };
		2919DA59180FA8FE002E7AA8 /* Foundation.framework */ = {isa = PBXFileReference; lastKnownFileType = wrapper.framework; name = Foundation.framework; path = System/Library/Frameworks/Foundation.framework; sourceTree = SDKROOT; };
		2919DA5B180FA8FE002E7AA8 /* CoreGraphics.framework */ = {isa = PBXFileReference; lastKnownFileType = wrapper.framework; name = CoreGraphics.framework; path = System/Library/Frameworks/CoreGraphics.framework; sourceTree = SDKROOT; };
		2919DA5D180FA8FE002E7AA8 /* UIKit.framework */ = {isa = PBXFileReference; lastKnownFileType = wrapper.framework; name = UIKit.framework; path = System/Library/Frameworks/UIKit.framework; sourceTree = SDKROOT; };
		2919DA61180FA8FE002E7AA8 /* Oct17-Info.plist */ = {isa = PBXFileReference; lastKnownFileType = text.plist.xml; path = "Oct17-Info.plist"; sourceTree = "<group>"; };
		2919DA63180FA8FE002E7AA8 /* en */ = {isa = PBXFileReference; lastKnownFileType = text.plist.strings; name = en; path = en.lproj/InfoPlist.strings; sourceTree = "<group>"; };
		2919DA65180FA8FE002E7AA8 /* main.m */ = {isa = PBXFileReference; lastKnownFileType = sourcecode.c.objc; path = main.m; sourceTree = "<group>"; };
		2919DA67180FA8FE002E7AA8 /* Oct17-Prefix.pch */ = {isa = PBXFileReference; lastKnownFileType = sourcecode.c.h; path = "Oct17-Prefix.pch"; sourceTree = "<group>"; };
		2919DA68180FA8FE002E7AA8 /* Oct17AppDelegate.h */ = {isa = PBXFileReference; lastKnownFileType = sourcecode.c.h; path = Oct17AppDelegate.h; sourceTree = "<group>"; };
		2919DA69180FA8FE002E7AA8 /* Oct17AppDelegate.m */ = {isa = PBXFileReference; lastKnownFileType = sourcecode.c.objc; path = Oct17AppDelegate.m; sourceTree = "<group>"; };
		2919DA6B180FA8FE002E7AA8 /* Images.xcassets */ = {isa = PBXFileReference; lastKnownFileType = folder.assetcatalog; path = Images.xcassets; sourceTree = "<group>"; };
		2919DA71180FA8FF002E7AA8 /* Oct17Tests.xctest */ = {isa = PBXFileReference; explicitFileType = wrapper.cfbundle; includeInIndex = 0; path = Oct17Tests.xctest; sourceTree = BUILT_PRODUCTS_DIR; };
		2919DA72180FA8FF002E7AA8 /* XCTest.framework */ = {isa = PBXFileReference; lastKnownFileType = wrapper.framework; name = XCTest.framework; path = Library/Frameworks/XCTest.framework; sourceTree = DEVELOPER_DIR; };
		2919DA7A180FA8FF002E7AA8 /* Oct17Tests-Info.plist */ = {isa = PBXFileReference; lastKnownFileType = text.plist.xml; path = "Oct17Tests-Info.plist"; sourceTree = "<group>"; };
		2919DA7C180FA8FF002E7AA8 /* en */ = {isa = PBXFileReference; lastKnownFileType = text.plist.strings; name = en; path = en.lproj/InfoPlist.strings; sourceTree = "<group>"; };
		2919DA7E180FA8FF002E7AA8 /* Oct17Tests.m */ = {isa = PBXFileReference; lastKnownFileType = sourcecode.c.objc; path = Oct17Tests.m; sourceTree = "<group>"; };
/* End PBXFileReference section */

/* Begin PBXFrameworksBuildPhase section */
		2919DA53180FA8FE002E7AA8 /* Frameworks */ = {
			isa = PBXFrameworksBuildPhase;
			buildActionMask = 2147483647;
			files = (
				2919DA5C180FA8FE002E7AA8 /* CoreGraphics.framework in Frameworks */,
				2919DA5E180FA8FE002E7AA8 /* UIKit.framework in Frameworks */,
				2919DA5A180FA8FE002E7AA8 /* Foundation.framework in Frameworks */,
			);
			runOnlyForDeploymentPostprocessing = 0;
		};
		2919DA6E180FA8FF002E7AA8 /* Frameworks */ = {
			isa = PBXFrameworksBuildPhase;
			buildActionMask = 2147483647;
			files = (
				2919DA73180FA8FF002E7AA8 /* XCTest.framework in Frameworks */,
				2919DA75180FA8FF002E7AA8 /* UIKit.framework in Frameworks */,
				2919DA74180FA8FF002E7AA8 /* Foundation.framework in Frameworks */,
			);
			runOnlyForDeploymentPostprocessing = 0;
		};
/* End PBXFrameworksBuildPhase section */

/* Begin PBXGroup section */
		2919DA4D180FA8FE002E7AA8 = {
			isa = PBXGroup;
			children = (
				2919DA5F180FA8FE002E7AA8 /* Oct17 */,
				2919DA78180FA8FF002E7AA8 /* Oct17Tests */,
				2919DA58180FA8FE002E7AA8 /* Frameworks */,
				2919DA57180FA8FE002E7AA8 /* Products */,
			);
			sourceTree = "<group>";
		};
		2919DA57180FA8FE002E7AA8 /* Products */ = {
			isa = PBXGroup;
			children = (
				2919DA56180FA8FE002E7AA8 /* Oct17.app */,
				2919DA71180FA8FF002E7AA8 /* Oct17Tests.xctest */,
			);
			name = Products;
			sourceTree = "<group>";
		};
		2919DA58180FA8FE002E7AA8 /* Frameworks */ = {
			isa = PBXGroup;
			children = (
				2919DA59180FA8FE002E7AA8 /* Foundation.framework */,
				2919DA5B180FA8FE002E7AA8 /* CoreGraphics.framework */,
				2919DA5D180FA8FE002E7AA8 /* UIKit.framework */,
				2919DA72180FA8FF002E7AA8 /* XCTest.framework */,
			);
			name = Frameworks;
			sourceTree = "<group>";
		};
		2919DA5F180FA8FE002E7AA8 /* Oct17 */ = {
			isa = PBXGroup;
			children = (
				2919DA68180FA8FE002E7AA8 /* Oct17AppDelegate.h */,
				2919DA69180FA8FE002E7AA8 /* Oct17AppDelegate.m */,
				2919DA6B180FA8FE002E7AA8 /* Images.xcassets */,
				2919DA60180FA8FE002E7AA8 /* Supporting Files */,
			);
			path = Oct17;
			sourceTree = "<group>";
		};
		2919DA60180FA8FE002E7AA8 /* Supporting Files */ = {
			isa = PBXGroup;
			children = (
				2919DA61180FA8FE002E7AA8 /* Oct17-Info.plist */,
				2919DA62180FA8FE002E7AA8 /* InfoPlist.strings */,
				2919DA65180FA8FE002E7AA8 /* main.m */,
				2919DA67180FA8FE002E7AA8 /* Oct17-Prefix.pch */,
			);
			name = "Supporting Files";
			sourceTree = "<group>";
		};
		2919DA78180FA8FF002E7AA8 /* Oct17Tests */ = {
			isa = PBXGroup;
			children = (
				2919DA7E180FA8FF002E7AA8 /* Oct17Tests.m */,
				2919DA79180FA8FF002E7AA8 /* Supporting Files */,
			);
			path = Oct17Tests;
			sourceTree = "<group>";
		};
		2919DA79180FA8FF002E7AA8 /* Supporting Files */ = {
			isa = PBXGroup;
			children = (
				2919DA7A180FA8FF002E7AA8 /* Oct17Tests-Info.plist */,
				2919DA7B180FA8FF002E7AA8 /* InfoPlist.strings */,
			);
			name = "Supporting Files";
			sourceTree = "<group>";
		};
/* End PBXGroup section */

/* Begin PBXNativeTarget section */
		2919DA55180FA8FE002E7AA8 /* Oct17 */ = {
			isa = PBXNativeTarget;
			buildConfigurationList = 2919DA82180FA8FF002E7AA8 /* Build configuration list for PBXNativeTarget "Oct17" */;
			buildPhases = (
				2919DA52180FA8FE002E7AA8 /* Sources */,
				2919DA53180FA8FE002E7AA8 /* Frameworks */,
				2919DA54180FA8FE002E7AA8 /* Resources */,
			);
			buildRules = (
			);
			dependencies = (
			);
			name = Oct17;
			productName = Oct17;
			productReference = 2919DA56180FA8FE002E7AA8 /* Oct17.app */;
			productType = "com.apple.product-type.application";
		};
		2919DA70180FA8FF002E7AA8 /* Oct17Tests */ = {
			isa = PBXNativeTarget;
			buildConfigurationList = 2919DA85180FA8FF002E7AA8 /* Build configuration list for PBXNativeTarget "Oct17Tests" */;
			buildPhases = (
				2919DA6D180FA8FF002E7AA8 /* Sources */,
				2919DA6E180FA8FF002E7AA8 /* Frameworks */,
				2919DA6F180FA8FF002E7AA8 /* Resources */,
			);
			buildRules = (
			);
			dependencies = (
				2919DA77180FA8FF002E7AA8 /* PBXTargetDependency */,
			);
			name = Oct17Tests;
			productName = Oct17Tests;
			productReference = 2919DA71180FA8FF002E7AA8 /* Oct17Tests.xctest */;
			productType = "com.apple.product-type.bundle.unit-test";
		};
/* End PBXNativeTarget section */

/* Begin PBXProject section */
		2919DA4E180FA8FE002E7AA8 /* Project object */ = {
			isa = PBXProject;
			attributes = {
				CLASSPREFIX = Oct17;
				LastUpgradeCheck = 0500;
				ORGANIZATIONNAME = "James Neely";
				TargetAttributes = {
					2919DA70180FA8FF002E7AA8 = {
						TestTargetID = 2919DA55180FA8FE002E7AA8;
					};
				};
			};
			buildConfigurationList = 2919DA51180FA8FE002E7AA8 /* Build configuration list for PBXProject "Oct17" */;
			compatibilityVersion = "Xcode 3.2";
			developmentRegion = English;
			hasScannedForEncodings = 0;
			knownRegions = (
				en,
			);
			mainGroup = 2919DA4D180FA8FE002E7AA8;
			productRefGroup = 2919DA57180FA8FE002E7AA8 /* Products */;
			projectDirPath = "";
			projectRoot = "";
			targets = (
				2919DA55180FA8FE002E7AA8 /* Oct17 */,
				2919DA70180FA8FF002E7AA8 /* Oct17Tests */,
			);
		};
/* End PBXProject section */

/* Begin PBXResourcesBuildPhase section */
		2919DA54180FA8FE002E7AA8 /* Resources */ = {
			isa = PBXResourcesBuildPhase;
			buildActionMask = 2147483647;
			files = (
				2919DA64180FA8FE002E7AA8 /* InfoPlist.strings in Resources */,
				2919DA6C180FA8FE002E7AA8 /* Images.xcassets in Resources */,
			);
			runOnlyForDeploymentPostprocessing = 0;
		};
		2919DA6F180FA8FF002E7AA8 /* Resources */ = {
			isa = PBXResourcesBuildPhase;
			buildActionMask = 2147483647;
			files = (
				2919DA7D180FA8FF002E7AA8 /* InfoPlist.strings in Resources */,
			);
			runOnlyForDeploymentPostprocessing = 0;
		};
/* End PBXResourcesBuildPhase section */

/* Begin PBXSourcesBuildPhase section */
		2919DA52180FA8FE002E7AA8 /* Sources */ = {
			isa = PBXSourcesBuildPhase;
			buildActionMask = 2147483647;
			files = (
				2919DA66180FA8FE002E7AA8 /* main.m in Sources */,
				2919DA6A180FA8FE002E7AA8 /* Oct17AppDelegate.m in Sources */,
			);
			runOnlyForDeploymentPostprocessing = 0;
		};
		2919DA6D180FA8FF002E7AA8 /* Sources */ = {
			isa = PBXSourcesBuildPhase;
			buildActionMask = 2147483647;
			files = (
				2919DA7F180FA8FF002E7AA8 /* Oct17Tests.m in Sources */,
			);
			runOnlyForDeploymentPostprocessing = 0;
		};
/* End PBXSourcesBuildPhase section */

/* Begin PBXTargetDependency section */
		2919DA77180FA8FF002E7AA8 /* PBXTargetDependency */ = {
			isa = PBXTargetDependency;
			target = 2919DA55180FA8FE002E7AA8 /* Oct17 */;
			targetProxy = 2919DA76180FA8FF002E7AA8 /* PBXContainerItemProxy */;
		};
/* End PBXTargetDependency section */

/* Begin PBXVariantGroup section */
		2919DA62180FA8FE002E7AA8 /* InfoPlist.strings */ = {
			isa = PBXVariantGroup;
			children = (
				2919DA63180FA8FE002E7AA8 /* en */,
			);
			name = InfoPlist.strings;
			sourceTree = "<group>";
		};
		2919DA7B180FA8FF002E7AA8 /* InfoPlist.strings */ = {
			isa = PBXVariantGroup;
			children = (
				2919DA7C180FA8FF002E7AA8 /* en */,
			);
			name = InfoPlist.strings;
			sourceTree = "<group>";
		};
/* End PBXVariantGroup section */

/* Begin XCBuildConfiguration section */
		2919DA80180FA8FF002E7AA8 /* Debug */ = {
			isa = XCBuildConfiguration;
			buildSettings = {
				ALWAYS_SEARCH_USER_PATHS = NO;
				ARCHS = "$(ARCHS_STANDARD_INCLUDING_64_BIT)";
				CLANG_CXX_LANGUAGE_STANDARD = "gnu++0x";
				CLANG_CXX_LIBRARY = "libc++";
				CLANG_ENABLE_MODULES = YES;
				CLANG_ENABLE_OBJC_ARC = YES;
				CLANG_WARN_BOOL_CONVERSION = YES;
				CLANG_WARN_CONSTANT_CONVERSION = YES;
				CLANG_WARN_DIRECT_OBJC_ISA_USAGE = YES_ERROR;
				CLANG_WARN_EMPTY_BODY = YES;
				CLANG_WARN_ENUM_CONVERSION = YES;
				CLANG_WARN_INT_CONVERSION = YES;
				CLANG_WARN_OBJC_ROOT_CLASS = YES_ERROR;
				CLANG_WARN__DUPLICATE_METHOD_MATCH = YES;
				"CODE_SIGN_IDENTITY[sdk=iphoneos*]" = "iPhone Developer";
				COPY_PHASE_STRIP = NO;
				GCC_C_LANGUAGE_STANDARD = gnu99;
				GCC_DYNAMIC_NO_PIC = NO;
				GCC_OPTIMIZATION_LEVEL = 0;
				GCC_PREPROCESSOR_DEFINITIONS = (
					"DEBUG=1",
					"$(inherited)",
				);
				GCC_SYMBOLS_PRIVATE_EXTERN = NO;
				GCC_WARN_64_TO_32_BIT_CONVERSION = YES;
				GCC_WARN_ABOUT_RETURN_TYPE = YES_ERROR;
				GCC_WARN_UNDECLARED_SELECTOR = YES;
				GCC_WARN_UNINITIALIZED_AUTOS = YES;
				GCC_WARN_UNUSED_FUNCTION = YES;
				GCC_WARN_UNUSED_VARIABLE = YES;
				IPHONEOS_DEPLOYMENT_TARGET = 7.0;
				ONLY_ACTIVE_ARCH = YES;
				SDKROOT = iphoneos;
			};
			name = Debug;
		};
		2919DA81180FA8FF002E7AA8 /* Release */ = {
			isa = XCBuildConfiguration;
			buildSettings = {
				ALWAYS_SEARCH_USER_PATHS = NO;
				ARCHS = "$(ARCHS_STANDARD_INCLUDING_64_BIT)";
				CLANG_CXX_LANGUAGE_STANDARD = "gnu++0x";
				CLANG_CXX_LIBRARY = "libc++";
				CLANG_ENABLE_MODULES = YES;
				CLANG_ENABLE_OBJC_ARC = YES;
				CLANG_WARN_BOOL_CONVERSION = YES;
				CLANG_WARN_CONSTANT_CONVERSION = YES;
				CLANG_WARN_DIRECT_OBJC_ISA_USAGE = YES_ERROR;
				CLANG_WARN_EMPTY_BODY = YES;
				CLANG_WARN_ENUM_CONVERSION = YES;
				CLANG_WARN_INT_CONVERSION = YES;
				CLANG_WARN_OBJC_ROOT_CLASS = YES_ERROR;
				CLANG_WARN__DUPLICATE_METHOD_MATCH = YES;
				"CODE_SIGN_IDENTITY[sdk=iphoneos*]" = "iPhone Developer";
				COPY_PHASE_STRIP = YES;
				ENABLE_NS_ASSERTIONS = NO;
				GCC_C_LANGUAGE_STANDARD = gnu99;
				GCC_WARN_64_TO_32_BIT_CONVERSION = YES;
				GCC_WARN_ABOUT_RETURN_TYPE = YES_ERROR;
				GCC_WARN_UNDECLARED_SELECTOR = YES;
				GCC_WARN_UNINITIALIZED_AUTOS = YES;
				GCC_WARN_UNUSED_FUNCTION = YES;
				GCC_WARN_UNUSED_VARIABLE = YES;
				IPHONEOS_DEPLOYMENT_TARGET = 7.0;
				SDKROOT = iphoneos;
				VALIDATE_PRODUCT = YES;
			};
			name = Release;
		};
		2919DA83180FA8FF002E7AA8 /* Debug */ = {
			isa = XCBuildConfiguration;
			buildSettings = {
				ASSETCATALOG_COMPILER_APPICON_NAME = AppIcon;
				ASSETCATALOG_COMPILER_LAUNCHIMAGE_NAME = LaunchImage;
				GCC_PRECOMPILE_PREFIX_HEADER = YES;
				GCC_PREFIX_HEADER = "Oct17/Oct17-Prefix.pch";
				INFOPLIST_FILE = "Oct17/Oct17-Info.plist";
				PRODUCT_NAME = "$(TARGET_NAME)";
				WRAPPER_EXTENSION = app;
			};
			name = Debug;
		};
		2919DA84180FA8FF002E7AA8 /* Release */ = {
			isa = XCBuildConfiguration;
			buildSettings = {
				ASSETCATALOG_COMPILER_APPICON_NAME = AppIcon;
				ASSETCATALOG_COMPILER_LAUNCHIMAGE_NAME = LaunchImage;
				GCC_PRECOMPILE_PREFIX_HEADER = YES;
				GCC_PREFIX_HEADER = "Oct17/Oct17-Prefix.pch";
				INFOPLIST_FILE = "Oct17/Oct17-Info.plist";
				PRODUCT_NAME = "$(TARGET_NAME)";
				WRAPPER_EXTENSION = app;
			};
			name = Release;
		};
		2919DA86180FA8FF002E7AA8 /* Debug */ = {
			isa = XCBuildConfiguration;
			buildSettings = {
				ARCHS = "$(ARCHS_STANDARD_INCLUDING_64_BIT)";
				BUNDLE_LOADER = "$(BUILT_PRODUCTS_DIR)/Oct17.app/Oct17";
				FRAMEWORK_SEARCH_PATHS = (
					"$(SDKROOT)/Developer/Library/Frameworks",
					"$(inherited)",
					"$(DEVELOPER_FRAMEWORKS_DIR)",
				);
				GCC_PRECOMPILE_PREFIX_HEADER = YES;
				GCC_PREFIX_HEADER = "Oct17/Oct17-Prefix.pch";
				GCC_PREPROCESSOR_DEFINITIONS = (
					"DEBUG=1",
					"$(inherited)",
				);
				INFOPLIST_FILE = "Oct17Tests/Oct17Tests-Info.plist";
				PRODUCT_NAME = "$(TARGET_NAME)";
				TEST_HOST = "$(BUNDLE_LOADER)";
				WRAPPER_EXTENSION = xctest;
			};
			name = Debug;
		};
		2919DA87180FA8FF002E7AA8 /* Release */ = {
			isa = XCBuildConfiguration;
			buildSettings = {
				ARCHS = "$(ARCHS_STANDARD_INCLUDING_64_BIT)";
				BUNDLE_LOADER = "$(BUILT_PRODUCTS_DIR)/Oct17.app/Oct17";
				FRAMEWORK_SEARCH_PATHS = (
					"$(SDKROOT)/Developer/Library/Frameworks",
					"$(inherited)",
					"$(DEVELOPER_FRAMEWORKS_DIR)",
				);
				GCC_PRECOMPILE_PREFIX_HEADER = YES;
				GCC_PREFIX_HEADER = "Oct17/Oct17-Prefix.pch";
				INFOPLIST_FILE = "Oct17Tests/Oct17Tests-Info.plist";
				PRODUCT_NAME = "$(TARGET_NAME)";
				TEST_HOST = "$(BUNDLE_LOADER)";
				WRAPPER_EXTENSION = xctest;
			};
			name = Release;
		};
/* End XCBuildConfiguration section */

/* Begin XCConfigurationList section */
		2919DA51180FA8FE002E7AA8 /* Build configuration list for PBXProject "Oct17" */ = {
			isa = XCConfigurationList;
			buildConfigurations = (
				2919DA80180FA8FF002E7AA8 /* Debug */,
				2919DA81180FA8FF002E7AA8 /* Release */,
			);
			defaultConfigurationIsVisible = 0;
			defaultConfigurationName = Release;
		};
		2919DA82180FA8FF002E7AA8 /* Build configuration list for PBXNativeTarget "Oct17" */ = {
			isa = XCConfigurationList;
			buildConfigurations = (
				2919DA83180FA8FF002E7AA8 /* Debug */,
				2919DA84180FA8FF002E7AA8 /* Release */,
			);
			defaultConfigurationIsVisible = 0;
		};
		2919DA85180FA8FF002E7AA8 /* Build configuration list for PBXNativeTarget "Oct17Tests" */ = {
			isa = XCConfigurationList;
			buildConfigurations = (
				2919DA86180FA8FF002E7AA8 /* Debug */,
				2919DA87180FA8FF002E7AA8 /* Release */,
			);
			defaultConfigurationIsVisible = 0;
		};
/* End XCConfigurationList section */
	};
	rootObject = 2919DA4E180FA8FE002E7AA8 /* Project object */;
}
